Microsoft Visual Studio Solution File, Format Version 12.00
# Visual Studio Version 17
VisualStudioVersion = 17.5.2.0
MinimumVisualStudioVersion = 10.0.40219.1
Project("{FAE04EC0-301F-11D3-BF4B-00C04F79EFBC}") = "COMP4870Assignment1", "COMP4870Assignment1.csproj", "{55F0DEF1-03DC-AE0F-B93E-FF8D241D332B}"
EndProject
Global
	GlobalSection(SolutionConfigurationPlatforms) = preSolution
		Debug|Any CPU = Debug|Any CPU
		Release|Any CPU = Release|Any CPU
	EndGlobalSection
	GlobalSection(ProjectConfigurationPlatforms) = postSolution
		{55F0DEF1-03DC-AE0F-B93E-FF8D241D332B}.Debug|Any CPU.ActiveCfg = Debug|Any CPU
		{55F0DEF1-03DC-AE0F-B93E-FF8D241D332B}.Debug|Any CPU.Build.0 = Debug|Any CPU
		{55F0DEF1-03DC-AE0F-B93E-FF8D241D332B}.Release|Any CPU.ActiveCfg = Release|Any CPU
		{55F0DEF1-03DC-AE0F-B93E-FF8D241D332B}.Release|Any CPU.Build.0 = Release|Any CPU
	EndGlobalSection
	GlobalSection(SolutionProperties) = preSolution
		HideSolutionNode = FALSE
	EndGlobalSection
	GlobalSection(ExtensibilityGlobals) = postSolution
		SolutionGuid = {82DE2E91-958C-423F-BE26-73C7903FCD97}
	EndGlobalSection
EndGlobal
